
Microsoft Visual Studio Solution File, Format Version 12.00
# Visual Studio Version 17
VisualStudioVersion = 17.5.33502.453
MinimumVisualStudioVersion = 10.0.40219.1
Project("{FAE04EC0-301F-11D3-BF4B-00C04F79EFBC}") = "AcademicInfo", "AcademicInfo\AcademicInfo.csproj", "{30D3B7D1-0E0A-431D-8D35-314E79E90DC3}"
EndProject
Global
	GlobalSection(SolutionConfigurationPlatforms) = preSolution
		Debug|Any CPU = Debug|Any CPU
		Release|Any CPU = Release|Any CPU
	EndGlobalSection
	GlobalSection(ProjectConfigurationPlatforms) = postSolution
		{30D3B7D1-0E0A-431D-8D35-314E79E90DC3}.Debug|Any CPU.ActiveCfg = Debug|Any CPU
		{30D3B7D1-0E0A-431D-8D35-314E79E90DC3}.Debug|Any CPU.Build.0 = Debug|Any CPU
		{30D3B7D1-0E0A-431D-8D35-314E79E90DC3}.Release|Any CPU.ActiveCfg = Release|Any CPU
		{30D3B7D1-0E0A-431D-8D35-314E79E90DC3}.Release|Any CPU.Build.0 = Release|Any CPU
	EndGlobalSection
	GlobalSection(SolutionProperties) = preSolution
		HideSolutionNode = FALSE
	EndGlobalSection
	GlobalSection(ExtensibilityGlobals) = postSolution
		SolutionGuid = {5DA49E52-71A3-4C2F-898D-8FCD6CDD71D1}
	EndGlobalSection
EndGlobal
